// !$*UTF8*$!
{
	archiveVersion = 1;
	classes = {
	};
	objectVersion = 46;
	objects = {

/* Begin PBXBuildFile section */
		834A61C01CD9B41300D8A244 /* AppDelegate.swift in Sources */ = {isa = PBXBuildFile; fileRef = 834A61BF1CD9B41300D8A244 /* AppDelegate.swift */; };
		834A61C21CD9B41300D8A244 /* HomeViewController.swift in Sources */ = {isa = PBXBuildFile; fileRef = 834A61C11CD9B41300D8A244 /* HomeViewController.swift */; };
		834A61C51CD9B41300D8A244 /* Main.storyboard in Resources */ = {isa = PBXBuildFile; fileRef = 834A61C31CD9B41300D8A244 /* Main.storyboard */; };
		834A61C71CD9B41300D8A244 /* Assets.xcassets in Resources */ = {isa = PBXBuildFile; fileRef = 834A61C61CD9B41300D8A244 /* Assets.xcassets */; };
		834A61CA1CD9B41300D8A244 /* LaunchScreen.storyboard in Resources */ = {isa = PBXBuildFile; fileRef = 834A61C81CD9B41300D8A244 /* LaunchScreen.storyboard */; };
		834A61D21CD9BEDE00D8A244 /* Movie.swift in Sources */ = {isa = PBXBuildFile; fileRef = 834A61D11CD9BEDE00D8A244 /* Movie.swift */; };
		834A61D41CD9C0B600D8A244 /* NetworkController.swift in Sources */ = {isa = PBXBuildFile; fileRef = 834A61D31CD9C0B600D8A244 /* NetworkController.swift */; };
		834A61D61CD9C67300D8A244 /* MovieController.swift in Sources */ = {isa = PBXBuildFile; fileRef = 834A61D51CD9C67300D8A244 /* MovieController.swift */; };
/* End PBXBuildFile section */

/* Begin PBXFileReference section */
		834A61BC1CD9B41300D8A244 /* Nav Mobile Assignment.app */ = {isa = PBXFileReference; explicitFileType = wrapper.application; includeInIndex = 0; path = "Nav Mobile Assignment.app"; sourceTree = BUILT_PRODUCTS_DIR; };
		834A61BF1CD9B41300D8A244 /* AppDelegate.swift */ = {isa = PBXFileReference; lastKnownFileType = sourcecode.swift; path = AppDelegate.swift; sourceTree = "<group>"; };
		834A61C11CD9B41300D8A244 /* HomeViewController.swift */ = {isa = PBXFileReference; lastKnownFileType = sourcecode.swift; path = HomeViewController.swift; sourceTree = "<group>"; };
		834A61C41CD9B41300D8A244 /* Base */ = {isa = PBXFileReference; lastKnownFileType = file.storyboard; name = Base; path = Base.lproj/Main.storyboard; sourceTree = "<group>"; };
		834A61C61CD9B41300D8A244 /* Assets.xcassets */ = {isa = PBXFileReference; lastKnownFileType = folder.assetcatalog; path = Assets.xcassets; sourceTree = "<group>"; };
		834A61C91CD9B41300D8A244 /* Base */ = {isa = PBXFileReference; lastKnownFileType = file.storyboard; name = Base; path = Base.lproj/LaunchScreen.storyboard; sourceTree = "<group>"; };
		834A61CB1CD9B41300D8A244 /* Info.plist */ = {isa = PBXFileReference; lastKnownFileType = text.plist.xml; path = Info.plist; sourceTree = "<group>"; };
		834A61D11CD9BEDE00D8A244 /* Movie.swift */ = {isa = PBXFileReference; fileEncoding = 4; lastKnownFileType = sourcecode.swift; path = Movie.swift; sourceTree = "<group>"; };
		834A61D31CD9C0B600D8A244 /* NetworkController.swift */ = {isa = PBXFileReference; fileEncoding = 4; lastKnownFileType = sourcecode.swift; path = NetworkController.swift; sourceTree = "<group>"; };
		834A61D51CD9C67300D8A244 /* MovieController.swift */ = {isa = PBXFileReference; fileEncoding = 4; lastKnownFileType = sourcecode.swift; path = MovieController.swift; sourceTree = "<group>"; };
/* End PBXFileReference section */

/* Begin PBXFrameworksBuildPhase section */
		834A61B91CD9B41300D8A244 /* Frameworks */ = {
			isa = PBXFrameworksBuildPhase;
			buildActionMask = 2147483647;
			files = (
			);
			runOnlyForDeploymentPostprocessing = 0;
		};
/* End PBXFrameworksBuildPhase section */

/* Begin PBXGroup section */
		834A61B31CD9B41200D8A244 = {
			isa = PBXGroup;
			children = (
				834A61BE1CD9B41300D8A244 /* Nav Mobile Assignment */,
				834A61BD1CD9B41300D8A244 /* Products */,
			);
			sourceTree = "<group>";
		};
		834A61BD1CD9B41300D8A244 /* Products */ = {
			isa = PBXGroup;
			children = (
				834A61BC1CD9B41300D8A244 /* Nav Mobile Assignment.app */,
			);
			name = Products;
			sourceTree = "<group>";
		};
		834A61BE1CD9B41300D8A244 /* Nav Mobile Assignment */ = {
			isa = PBXGroup;
			children = (
				834A61BF1CD9B41300D8A244 /* AppDelegate.swift */,
				834A61C11CD9B41300D8A244 /* HomeViewController.swift */,
				834A61D11CD9BEDE00D8A244 /* Movie.swift */,
				834A61D31CD9C0B600D8A244 /* NetworkController.swift */,
				834A61D51CD9C67300D8A244 /* MovieController.swift */,
				834A61C31CD9B41300D8A244 /* Main.storyboard */,
				834A61C61CD9B41300D8A244 /* Assets.xcassets */,
				834A61C81CD9B41300D8A244 /* LaunchScreen.storyboard */,
				834A61CB1CD9B41300D8A244 /* Info.plist */,
			);
			path = "Nav Mobile Assignment";
			sourceTree = "<group>";
		};
/* End PBXGroup section */

/* Begin PBXNativeTarget section */
		834A61BB1CD9B41300D8A244 /* Nav Mobile Assignment */ = {
			isa = PBXNativeTarget;
			buildConfigurationList = 834A61CE1CD9B41300D8A244 /* Build configuration list for PBXNativeTarget "Nav Mobile Assignment" */;
			buildPhases = (
				834A61B81CD9B41300D8A244 /* Sources */,
				834A61B91CD9B41300D8A244 /* Frameworks */,
				834A61BA1CD9B41300D8A244 /* Resources */,
			);
			buildRules = (
			);
			dependencies = (
			);
			name = "Nav Mobile Assignment";
			productName = "Nav Mobile Assignment";
			productReference = 834A61BC1CD9B41300D8A244 /* Nav Mobile Assignment.app */;
			productType = "com.apple.product-type.application";
		};
/* End PBXNativeTarget section */

/* Begin PBXProject section */
		834A61B41CD9B41200D8A244 /* Project object */ = {
			isa = PBXProject;
			attributes = {
				LastSwiftUpdateCheck = 0730;
				LastUpgradeCheck = 0730;
				ORGANIZATIONNAME = "Daniel Lee";
				TargetAttributes = {
					834A61BB1CD9B41300D8A244 = {
						CreatedOnToolsVersion = 7.3;
					};
				};
			};
			buildConfigurationList = 834A61B71CD9B41200D8A244 /* Build configuration list for PBXProject "Nav Mobile Assignment" */;
			compatibilityVersion = "Xcode 3.2";
			developmentRegion = English;
			hasScannedForEncodings = 0;
			knownRegions = (
				en,
				Base,
			);
			mainGroup = 834A61B31CD9B41200D8A244;
			productRefGroup = 834A61BD1CD9B41300D8A244 /* Products */;
			projectDirPath = "";
			projectRoot = "";
			targets = (
				834A61BB1CD9B41300D8A244 /* Nav Mobile Assignment */,
			);
		};
/* End PBXProject section */

/* Begin PBXResourcesBuildPhase section */
		834A61BA1CD9B41300D8A244 /* Resources */ = {
			isa = PBXResourcesBuildPhase;
			buildActionMask = 2147483647;
			files = (
				834A61CA1CD9B41300D8A244 /* LaunchScreen.storyboard in Resources */,
				834A61C71CD9B41300D8A244 /* Assets.xcassets in Resources */,
				834A61C51CD9B41300D8A244 /* Main.storyboard in Resources */,
			);
			runOnlyForDeploymentPostprocessing = 0;
		};
/* End PBXResourcesBuildPhase section */

/* Begin PBXSourcesBuildPhase section */
		834A61B81CD9B41300D8A244 /* Sources */ = {
			isa = PBXSourcesBuildPhase;
			buildActionMask = 2147483647;
			files = (
				834A61D41CD9C0B600D8A244 /* NetworkController.swift in Sources */,
				834A61D61CD9C67300D8A244 /* MovieController.swift in Sources */,
				834A61C21CD9B41300D8A244 /* HomeViewController.swift in Sources */,
				834A61C01CD9B41300D8A244 /* AppDelegate.swift in Sources */,
				834A61D21CD9BEDE00D8A244 /* Movie.swift in Sources */,
			);
			runOnlyForDeploymentPostprocessing = 0;
		};
/* End PBXSourcesBuildPhase section */

/* Begin PBXVariantGroup section */
		834A61C31CD9B41300D8A244 /* Main.storyboard */ = {
			isa = PBXVariantGroup;
			children = (
				834A61C41CD9B41300D8A244 /* Base */,
			);
			name = Main.storyboard;
			sourceTree = "<group>";
		};
		834A61C81CD9B41300D8A244 /* LaunchScreen.storyboard */ = {
			isa = PBXVariantGroup;
			children = (
				834A61C91CD9B41300D8A244 /* Base */,
			);
			name = LaunchScreen.storyboard;
			sourceTree = "<group>";
		};
/* End PBXVariantGroup section */

/* Begin XCBuildConfiguration section */
		834A61CC1CD9B41300D8A244 /* Debug */ = {
			isa = XCBuildConfiguration;
			buildSettings = {
				ALWAYS_SEARCH_USER_PATHS = NO;
				CLANG_ANALYZER_NONNULL = YES;
				CLANG_CXX_LANGUAGE_STANDARD = "gnu++0x";
				CLANG_CXX_LIBRARY = "libc++";
				CLANG_ENABLE_MODULES = YES;
				CLANG_ENABLE_OBJC_ARC = YES;
				CLANG_WARN_BOOL_CONVERSION = YES;
				CLANG_WARN_CONSTANT_CONVERSION = YES;
				CLANG_WARN_DIRECT_OBJC_ISA_USAGE = YES_ERROR;
				CLANG_WARN_EMPTY_BODY = YES;
				CLANG_WARN_ENUM_CONVERSION = YES;
				CLANG_WARN_INT_CONVERSION = YES;
				CLANG_WARN_OBJC_ROOT_CLASS = YES_ERROR;
				CLANG_WARN_UNREACHABLE_CODE = YES;
				CLANG_WARN__DUPLICATE_METHOD_MATCH = YES;
				"CODE_SIGN_IDENTITY[sdk=iphoneos*]" = "iPhone Developer";
				COPY_PHASE_STRIP = NO;
				DEBUG_INFORMATION_FORMAT = dwarf;
				ENABLE_STRICT_OBJC_MSGSEND = YES;
				ENABLE_TESTABILITY = YES;
				GCC_C_LANGUAGE_STANDARD = gnu99;
				GCC_DYNAMIC_NO_PIC = NO;
				GCC_NO_COMMON_BLOCKS = YES;
				GCC_OPTIMIZATION_LEVEL = 0;
				GCC_PREPROCESSOR_DEFINITIONS = (
					"DEBUG=1",
					"$(inherited)",
				);
				GCC_WARN_64_TO_32_BIT_CONVERSION = YES;
				GCC_WARN_ABOUT_RETURN_TYPE = YES_ERROR;
				GCC_WARN_UNDECLARED_SELECTOR = YES;
				GCC_WARN_UNINITIALIZED_AUTOS = YES_AGGRESSIVE;
				GCC_WARN_UNUSED_FUNCTION = YES;
				GCC_WARN_UNUSED_VARIABLE = YES;
				IPHONEOS_DEPLOYMENT_TARGET = 9.3;
				MTL_ENABLE_DEBUG_INFO = YES;
				ONLY_ACTIVE_ARCH = YES;
				SDKROOT = iphoneos;
				SWIFT_OPTIMIZATION_LEVEL = "-Onone";
				TARGETED_DEVICE_FAMILY = "1,2";
			};
			name = Debug;
		};
		834A61CD1CD9B41300D8A244 /* Release */ = {
			isa = XCBuildConfiguration;
			buildSettings = {
				ALWAYS_SEARCH_USER_PATHS = NO;
				CLANG_ANALYZER_NONNULL = YES;
				CLANG_CXX_LANGUAGE_STANDARD = "gnu++0x";
				CLANG_CXX_LIBRARY = "libc++";
				CLANG_ENABLE_MODULES = YES;
				CLANG_ENABLE_OBJC_ARC = YES;
				CLANG_WARN_BOOL_CONVERSION = YES;
				CLANG_WARN_CONSTANT_CONVERSION = YES;
				CLANG_WARN_DIRECT_OBJC_ISA_USAGE = YES_ERROR;
				CLANG_WARN_EMPTY_BODY = YES;
				CLANG_WARN_ENUM_CONVERSION = YES;
				CLANG_WARN_INT_CONVERSION = YES;
				CLANG_WARN_OBJC_ROOT_CLASS = YES_ERROR;
				CLANG_WARN_UNREACHABLE_CODE = YES;
				CLANG_WARN__DUPLICATE_METHOD_MATCH = YES;
				"CODE_SIGN_IDENTITY[sdk=iphoneos*]" = "iPhone Developer";
				COPY_PHASE_STRIP = NO;
				DEBUG_INFORMATION_FORMAT = "dwarf-with-dsym";
				ENABLE_NS_ASSERTIONS = NO;
				ENABLE_STRICT_OBJC_MSGSEND = YES;
				GCC_C_LANGUAGE_STANDARD = gnu99;
				GCC_NO_COMMON_BLOCKS = YES;
				GCC_WARN_64_TO_32_BIT_CONVERSION = YES;
				GCC_WARN_ABOUT_RETURN_TYPE = YES_ERROR;
				GCC_WARN_UNDECLARED_SELECTOR = YES;
				GCC_WARN_UNINITIALIZED_AUTOS = YES_AGGRESSIVE;
				GCC_WARN_UNUSED_FUNCTION = YES;
				GCC_WARN_UNUSED_VARIABLE = YES;
				IPHONEOS_DEPLOYMENT_TARGET = 9.3;
				MTL_ENABLE_DEBUG_INFO = NO;
				SDKROOT = iphoneos;
				TARGETED_DEVICE_FAMILY = "1,2";
				VALIDATE_PRODUCT = YES;
			};
			name = Release;
		};
		834A61CF1CD9B41300D8A244 /* Debug */ = {
			isa = XCBuildConfiguration;
			buildSettings = {
				ASSETCATALOG_COMPILER_APPICON_NAME = AppIcon;
				INFOPLIST_FILE = "Nav Mobile Assignment/Info.plist";
				LD_RUNPATH_SEARCH_PATHS = "$(inherited) @executable_path/Frameworks";
				PRODUCT_BUNDLE_IDENTIFIER = "com.example.Nav-Mobile-Assignment";
				PRODUCT_NAME = "$(TARGET_NAME)";
			};
			name = Debug;
		};
		834A61D01CD9B41300D8A244 /* Release */ = {
			isa = XCBuildConfiguration;
			buildSettings = {
				ASSETCATALOG_COMPILER_APPICON_NAME = AppIcon;
				INFOPLIST_FILE = "Nav Mobile Assignment/Info.plist";
				LD_RUNPATH_SEARCH_PATHS = "$(inherited) @executable_path/Frameworks";
				PRODUCT_BUNDLE_IDENTIFIER = "com.example.Nav-Mobile-Assignment";
				PRODUCT_NAME = "$(TARGET_NAME)";
			};
			name = Release;
		};
/* End XCBuildConfiguration section */

/* Begin XCConfigurationList section */
		834A61B71CD9B41200D8A244 /* Build configuration list for PBXProject "Nav Mobile Assignment" */ = {
			isa = XCConfigurationList;
			buildConfigurations = (
				834A61CC1CD9B41300D8A244 /* Debug */,
				834A61CD1CD9B41300D8A244 /* Release */,
			);
			defaultConfigurationIsVisible = 0;
			defaultConfigurationName = Release;
		};
		834A61CE1CD9B41300D8A244 /* Build configuration list for PBXNativeTarget "Nav Mobile Assignment" */ = {
			isa = XCConfigurationList;
			buildConfigurations = (
				834A61CF1CD9B41300D8A244 /* Debug */,
				834A61D01CD9B41300D8A244 /* Release */,
			);
			defaultConfigurationIsVisible = 0;
			defaultConfigurationName = Release;
		};
/* End XCConfigurationList section */
	};
	rootObject = 834A61B41CD9B41200D8A244 /* Project object */;
}
